
Microsoft Visual Studio Solution File, Format Version 12.00
# Visual Studio Version 17
VisualStudioVersion = 17.0.31903.59
MinimumVisualStudioVersion = 10.0.40219.1
Project("{8BC9CEB8-8B4A-11D0-8D11-00A0C91BC942}") = "vs2022FirstApp", "vs2022FirstApp\vs2022FirstApp.vcxproj", "{20717739-8404-466C-AE51-9A9159C069EE}"
	ProjectSection(ProjectDependencies) = postProject
		{73C5F707-5DDF-4E60-8F8A-9B8BC3509F8F} = {73C5F707-5DDF-4E60-8F8A-9B8BC3509F8F}
	EndProjectSection
EndProject
Project("{8BC9CEB8-8B4A-11D0-8D11-00A0C91BC942}") = "MyLib", "MyLib\MyLib.vcxproj", "{73C5F707-5DDF-4E60-8F8A-9B8BC3509F8F}"
EndProject
Global
	GlobalSection(SolutionConfigurationPlatforms) = preSolution
		Debug|x64 = Debug|x64
		Debug|x86 = Debug|x86
		Release|x64 = Release|x64
		Release|x86 = Release|x86
	EndGlobalSection
	GlobalSection(ProjectConfigurationPlatforms) = postSolution
		{20717739-8404-466C-AE51-9A9159C069EE}.Debug|x64.ActiveCfg = Debug|x64
		{20717739-8404-466C-AE51-9A9159C069EE}.Debug|x64.Build.0 = Debug|x64
		{20717739-8404-466C-AE51-9A9159C069EE}.Debug|x86.ActiveCfg = Debug|Win32
		{20717739-8404-466C-AE51-9A9159C069EE}.Debug|x86.Build.0 = Debug|Win32
		{20717739-8404-466C-AE51-9A9159C069EE}.Release|x64.ActiveCfg = Release|x64
		{20717739-8404-466C-AE51-9A9159C069EE}.Release|x64.Build.0 = Release|x64
		{20717739-8404-466C-AE51-9A9159C069EE}.Release|x86.ActiveCfg = Release|Win32
		{20717739-8404-466C-AE51-9A9159C069EE}.Release|x86.Build.0 = Release|Win32
		{73C5F707-5DDF-4E60-8F8A-9B8BC3509F8F}.Debug|x64.ActiveCfg = Debug|x64
		{73C5F707-5DDF-4E60-8F8A-9B8BC3509F8F}.Debug|x64.Build.0 = Debug|x64
		{73C5F707-5DDF-4E60-8F8A-9B8BC3509F8F}.Debug|x86.ActiveCfg = Debug|Win32
		{73C5F707-5DDF-4E60-8F8A-9B8BC3509F8F}.Debug|x86.Build.0 = Debug|Win32
		{73C5F707-5DDF-4E60-8F8A-9B8BC3509F8F}.Release|x64.ActiveCfg = Release|x64
		{73C5F707-5DDF-4E60-8F8A-9B8BC3509F8F}.Release|x64.Build.0 = Release|x64
		{73C5F707-5DDF-4E60-8F8A-9B8BC3509F8F}.Release|x86.ActiveCfg = Release|Win32
		{73C5F707-5DDF-4E60-8F8A-9B8BC3509F8F}.Release|x86.Build.0 = Release|Win32
	EndGlobalSection
	GlobalSection(SolutionProperties) = preSolution
		HideSolutionNode = FALSE
	EndGlobalSection
	GlobalSection(ExtensibilityGlobals) = postSolution
		SolutionGuid = {F50D4DD1-46BA-450C-8960-492CEE45E6AC}
	EndGlobalSection
EndGlobal
